// !$*UTF8*$!
{
	archiveVersion = 1;
	classes = {
	};
	objectVersion = 55;
	objects = {

/* Begin PBXBuildFile section */
		6CD9CF3C283545C200F36B00 /* AppDelegate.swift in Sources */ = {isa = PBXBuildFile; fileRef = 6CD9CF3B283545C200F36B00 /* AppDelegate.swift */; };
		6CD9CF40283545C200F36B00 /* FoodViewController.swift in Sources */ = {isa = PBXBuildFile; fileRef = 6CD9CF3F283545C200F36B00 /* FoodViewController.swift */; };
		6CD9CF45283545C400F36B00 /* Assets.xcassets in Resources */ = {isa = PBXBuildFile; fileRef = 6CD9CF44283545C400F36B00 /* Assets.xcassets */; };
		6CD9CF48283545C400F36B00 /* LaunchScreen.storyboard in Resources */ = {isa = PBXBuildFile; fileRef = 6CD9CF46283545C400F36B00 /* LaunchScreen.storyboard */; };
		6CD9CF50283545E400F36B00 /* .gitignore in Resources */ = {isa = PBXBuildFile; fileRef = 6CD9CF4F283545E400F36B00 /* .gitignore */; };
		6CD9CF58283548C300F36B00 /* FoodModel.swift in Sources */ = {isa = PBXBuildFile; fileRef = 6CD9CF57283548C300F36B00 /* FoodModel.swift */; };
		6CD9CF5A28354A3700F36B00 /* NetworkManager.swift in Sources */ = {isa = PBXBuildFile; fileRef = 6CD9CF5928354A3700F36B00 /* NetworkManager.swift */; };
		6CD9CF5C283552CC00F36B00 /* SectionTableViewCell.swift in Sources */ = {isa = PBXBuildFile; fileRef = 6CD9CF5B283552CC00F36B00 /* SectionTableViewCell.swift */; };
		6CD9CF5E283555FA00F36B00 /* FoodCollectionViewCell.swift in Sources */ = {isa = PBXBuildFile; fileRef = 6CD9CF5D283555FA00F36B00 /* FoodCollectionViewCell.swift */; };
		6CD9CF6028355B5D00F36B00 /* UIImage + Extensions.swift in Sources */ = {isa = PBXBuildFile; fileRef = 6CD9CF5F28355B5D00F36B00 /* UIImage + Extensions.swift */; };
		B32E81FFB4C3EE3116E1734A /* Pods_FoodCollectionTestApp.framework in Frameworks */ = {isa = PBXBuildFile; fileRef = 4F0FA9EA5AE71C13612DFC77 /* Pods_FoodCollectionTestApp.framework */; };
/* End PBXBuildFile section */

/* Begin PBXFileReference section */
		0980B1FCC10FC4E5E900B76F /* Pods-FoodCollectionTestApp.release.xcconfig */ = {isa = PBXFileReference; includeInIndex = 1; lastKnownFileType = text.xcconfig; name = "Pods-FoodCollectionTestApp.release.xcconfig"; path = "Target Support Files/Pods-FoodCollectionTestApp/Pods-FoodCollectionTestApp.release.xcconfig"; sourceTree = "<group>"; };
		4F0FA9EA5AE71C13612DFC77 /* Pods_FoodCollectionTestApp.framework */ = {isa = PBXFileReference; explicitFileType = wrapper.framework; includeInIndex = 0; path = Pods_FoodCollectionTestApp.framework; sourceTree = BUILT_PRODUCTS_DIR; };
		6CD9CF38283545C200F36B00 /* FoodCollectionTestApp.app */ = {isa = PBXFileReference; explicitFileType = wrapper.application; includeInIndex = 0; path = FoodCollectionTestApp.app; sourceTree = BUILT_PRODUCTS_DIR; };
		6CD9CF3B283545C200F36B00 /* AppDelegate.swift */ = {isa = PBXFileReference; lastKnownFileType = sourcecode.swift; path = AppDelegate.swift; sourceTree = "<group>"; };
		6CD9CF3F283545C200F36B00 /* FoodViewController.swift */ = {isa = PBXFileReference; lastKnownFileType = sourcecode.swift; path = FoodViewController.swift; sourceTree = "<group>"; };
		6CD9CF44283545C400F36B00 /* Assets.xcassets */ = {isa = PBXFileReference; lastKnownFileType = folder.assetcatalog; path = Assets.xcassets; sourceTree = "<group>"; };
		6CD9CF47283545C400F36B00 /* Base */ = {isa = PBXFileReference; lastKnownFileType = file.storyboard; name = Base; path = Base.lproj/LaunchScreen.storyboard; sourceTree = "<group>"; };
		6CD9CF49283545C400F36B00 /* Info.plist */ = {isa = PBXFileReference; lastKnownFileType = text.plist.xml; path = Info.plist; sourceTree = "<group>"; };
		6CD9CF4F283545E400F36B00 /* .gitignore */ = {isa = PBXFileReference; lastKnownFileType = text; path = .gitignore; sourceTree = "<group>"; };
		6CD9CF57283548C300F36B00 /* FoodModel.swift */ = {isa = PBXFileReference; lastKnownFileType = sourcecode.swift; path = FoodModel.swift; sourceTree = "<group>"; };
		6CD9CF5928354A3700F36B00 /* NetworkManager.swift */ = {isa = PBXFileReference; lastKnownFileType = sourcecode.swift; path = NetworkManager.swift; sourceTree = "<group>"; };
		6CD9CF5B283552CC00F36B00 /* SectionTableViewCell.swift */ = {isa = PBXFileReference; lastKnownFileType = sourcecode.swift; path = SectionTableViewCell.swift; sourceTree = "<group>"; };
		6CD9CF5D283555FA00F36B00 /* FoodCollectionViewCell.swift */ = {isa = PBXFileReference; lastKnownFileType = sourcecode.swift; path = FoodCollectionViewCell.swift; sourceTree = "<group>"; };
		6CD9CF5F28355B5D00F36B00 /* UIImage + Extensions.swift */ = {isa = PBXFileReference; lastKnownFileType = sourcecode.swift; path = "UIImage + Extensions.swift"; sourceTree = "<group>"; };
		F1B13D421E3D796D0F2D3EA8 /* Pods-FoodCollectionTestApp.debug.xcconfig */ = {isa = PBXFileReference; includeInIndex = 1; lastKnownFileType = text.xcconfig; name = "Pods-FoodCollectionTestApp.debug.xcconfig"; path = "Target Support Files/Pods-FoodCollectionTestApp/Pods-FoodCollectionTestApp.debug.xcconfig"; sourceTree = "<group>"; };
/* End PBXFileReference section */

/* Begin PBXFrameworksBuildPhase section */
		6CD9CF35283545C200F36B00 /* Frameworks */ = {
			isa = PBXFrameworksBuildPhase;
			buildActionMask = 2147483647;
			files = (
				B32E81FFB4C3EE3116E1734A /* Pods_FoodCollectionTestApp.framework in Frameworks */,
			);
			runOnlyForDeploymentPostprocessing = 0;
		};
/* End PBXFrameworksBuildPhase section */

/* Begin PBXGroup section */
		6CD9CF2F283545C200F36B00 = {
			isa = PBXGroup;
			children = (
				6CD9CF3A283545C200F36B00 /* FoodCollectionTestApp */,
				6CD9CF39283545C200F36B00 /* Products */,
				9E91FC5A2E7D5A827F46A570 /* Pods */,
				7F6946B3062F91C9FA7D5109 /* Frameworks */,
			);
			sourceTree = "<group>";
		};
		6CD9CF39283545C200F36B00 /* Products */ = {
			isa = PBXGroup;
			children = (
				6CD9CF38283545C200F36B00 /* FoodCollectionTestApp.app */,
			);
			name = Products;
			sourceTree = "<group>";
		};
		6CD9CF3A283545C200F36B00 /* FoodCollectionTestApp */ = {
			isa = PBXGroup;
			children = (
				6CD9CF56283547D900F36B00 /* FoodViewController */,
				6CD9CF52283546CA00F36B00 /* Services */,
				6CD9CF51283546C400F36B00 /* Models */,
				6CD9CF53283546F800F36B00 /* Resources */,
				6CD9CF542835471D00F36B00 /* Storyboards */,
				6CD9CF552835474700F36B00 /* App */,
			);
			path = FoodCollectionTestApp;
			sourceTree = "<group>";
		};
		6CD9CF51283546C400F36B00 /* Models */ = {
			isa = PBXGroup;
			children = (
				6CD9CF57283548C300F36B00 /* FoodModel.swift */,
			);
			path = Models;
			sourceTree = "<group>";
		};
		6CD9CF52283546CA00F36B00 /* Services */ = {
			isa = PBXGroup;
			children = (
				6CD9CF5928354A3700F36B00 /* NetworkManager.swift */,
				6CD9CF5F28355B5D00F36B00 /* UIImage + Extensions.swift */,
			);
			path = Services;
			sourceTree = "<group>";
		};
		6CD9CF53283546F800F36B00 /* Resources */ = {
			isa = PBXGroup;
			children = (
				6CD9CF44283545C400F36B00 /* Assets.xcassets */,
			);
			path = Resources;
			sourceTree = "<group>";
		};
		6CD9CF542835471D00F36B00 /* Storyboards */ = {
			isa = PBXGroup;
			children = (
				6CD9CF46283545C400F36B00 /* LaunchScreen.storyboard */,
			);
			path = Storyboards;
			sourceTree = "<group>";
		};
		6CD9CF552835474700F36B00 /* App */ = {
			isa = PBXGroup;
			children = (
				6CD9CF3B283545C200F36B00 /* AppDelegate.swift */,
				6CD9CF49283545C400F36B00 /* Info.plist */,
				6CD9CF4F283545E400F36B00 /* .gitignore */,
			);
			path = App;
			sourceTree = "<group>";
		};
		6CD9CF56283547D900F36B00 /* FoodViewController */ = {
			isa = PBXGroup;
			children = (
				6CD9CF3F283545C200F36B00 /* FoodViewController.swift */,
				6CD9CF5B283552CC00F36B00 /* SectionTableViewCell.swift */,
				6CD9CF5D283555FA00F36B00 /* FoodCollectionViewCell.swift */,
			);
			path = FoodViewController;
			sourceTree = "<group>";
		};
		7F6946B3062F91C9FA7D5109 /* Frameworks */ = {
			isa = PBXGroup;
			children = (
				4F0FA9EA5AE71C13612DFC77 /* Pods_FoodCollectionTestApp.framework */,
			);
			name = Frameworks;
			sourceTree = "<group>";
		};
		9E91FC5A2E7D5A827F46A570 /* Pods */ = {
			isa = PBXGroup;
			children = (
				F1B13D421E3D796D0F2D3EA8 /* Pods-FoodCollectionTestApp.debug.xcconfig */,
				0980B1FCC10FC4E5E900B76F /* Pods-FoodCollectionTestApp.release.xcconfig */,
			);
			path = Pods;
			sourceTree = "<group>";
		};
/* End PBXGroup section */

/* Begin PBXNativeTarget section */
		6CD9CF37283545C200F36B00 /* FoodCollectionTestApp */ = {
			isa = PBXNativeTarget;
			buildConfigurationList = 6CD9CF4C283545C400F36B00 /* Build configuration list for PBXNativeTarget "FoodCollectionTestApp" */;
			buildPhases = (
				D250FCF17F6F3E7FDBBE01CE /* [CP] Check Pods Manifest.lock */,
				6CD9CF34283545C200F36B00 /* Sources */,
				6CD9CF35283545C200F36B00 /* Frameworks */,
				6CD9CF36283545C200F36B00 /* Resources */,
				A2B02063D0393095DCB1179C /* [CP] Embed Pods Frameworks */,
			);
			buildRules = (
			);
			dependencies = (
			);
			name = FoodCollectionTestApp;
			productName = FoodCollectionTestApp;
			productReference = 6CD9CF38283545C200F36B00 /* FoodCollectionTestApp.app */;
			productType = "com.apple.product-type.application";
		};
/* End PBXNativeTarget section */

/* Begin PBXProject section */
		6CD9CF30283545C200F36B00 /* Project object */ = {
			isa = PBXProject;
			attributes = {
				BuildIndependentTargetsInParallel = 1;
				LastSwiftUpdateCheck = 1320;
				LastUpgradeCheck = 1320;
				TargetAttributes = {
					6CD9CF37283545C200F36B00 = {
						CreatedOnToolsVersion = 13.2.1;
					};
				};
			};
			buildConfigurationList = 6CD9CF33283545C200F36B00 /* Build configuration list for PBXProject "FoodCollectionTestApp" */;
			compatibilityVersion = "Xcode 13.0";
			developmentRegion = en;
			hasScannedForEncodings = 0;
			knownRegions = (
				en,
				Base,
			);
			mainGroup = 6CD9CF2F283545C200F36B00;
			productRefGroup = 6CD9CF39283545C200F36B00 /* Products */;
			projectDirPath = "";
			projectRoot = "";
			targets = (
				6CD9CF37283545C200F36B00 /* FoodCollectionTestApp */,
			);
		};
/* End PBXProject section */

/* Begin PBXResourcesBuildPhase section */
		6CD9CF36283545C200F36B00 /* Resources */ = {
			isa = PBXResourcesBuildPhase;
			buildActionMask = 2147483647;
			files = (
				6CD9CF50283545E400F36B00 /* .gitignore in Resources */,
				6CD9CF48283545C400F36B00 /* LaunchScreen.storyboard in Resources */,
				6CD9CF45283545C400F36B00 /* Assets.xcassets in Resources */,
			);
			runOnlyForDeploymentPostprocessing = 0;
		};
/* End PBXResourcesBuildPhase section */

/* Begin PBXShellScriptBuildPhase section */
		A2B02063D0393095DCB1179C /* [CP] Embed Pods Frameworks */ = {
			isa = PBXShellScriptBuildPhase;
			buildActionMask = 2147483647;
			files = (
			);
			inputFileListPaths = (
				"${PODS_ROOT}/Target Support Files/Pods-FoodCollectionTestApp/Pods-FoodCollectionTestApp-frameworks-${CONFIGURATION}-input-files.xcfilelist",
			);
			name = "[CP] Embed Pods Frameworks";
			outputFileListPaths = (
				"${PODS_ROOT}/Target Support Files/Pods-FoodCollectionTestApp/Pods-FoodCollectionTestApp-frameworks-${CONFIGURATION}-output-files.xcfilelist",
			);
			runOnlyForDeploymentPostprocessing = 0;
			shellPath = /bin/sh;
			shellScript = "\"${PODS_ROOT}/Target Support Files/Pods-FoodCollectionTestApp/Pods-FoodCollectionTestApp-frameworks.sh\"\n";
			showEnvVarsInLog = 0;
		};
		D250FCF17F6F3E7FDBBE01CE /* [CP] Check Pods Manifest.lock */ = {
			isa = PBXShellScriptBuildPhase;
			buildActionMask = 2147483647;
			files = (
			);
			inputFileListPaths = (
			);
			inputPaths = (
				"${PODS_PODFILE_DIR_PATH}/Podfile.lock",
				"${PODS_ROOT}/Manifest.lock",
			);
			name = "[CP] Check Pods Manifest.lock";
			outputFileListPaths = (
			);
			outputPaths = (
				"$(DERIVED_FILE_DIR)/Pods-FoodCollectionTestApp-checkManifestLockResult.txt",
			);
			runOnlyForDeploymentPostprocessing = 0;
			shellPath = /bin/sh;
			shellScript = "diff \"${PODS_PODFILE_DIR_PATH}/Podfile.lock\" \"${PODS_ROOT}/Manifest.lock\" > /dev/null\nif [ $? != 0 ] ; then\n    # print error to STDERR\n    echo \"error: The sandbox is not in sync with the Podfile.lock. Run 'pod install' or update your CocoaPods installation.\" >&2\n    exit 1\nfi\n# This output is used by Xcode 'outputs' to avoid re-running this script phase.\necho \"SUCCESS\" > \"${SCRIPT_OUTPUT_FILE_0}\"\n";
			showEnvVarsInLog = 0;
		};
/* End PBXShellScriptBuildPhase section */

/* Begin PBXSourcesBuildPhase section */
		6CD9CF34283545C200F36B00 /* Sources */ = {
			isa = PBXSourcesBuildPhase;
			buildActionMask = 2147483647;
			files = (
				6CD9CF5A28354A3700F36B00 /* NetworkManager.swift in Sources */,
				6CD9CF58283548C300F36B00 /* FoodModel.swift in Sources */,
				6CD9CF40283545C200F36B00 /* FoodViewController.swift in Sources */,
				6CD9CF5C283552CC00F36B00 /* SectionTableViewCell.swift in Sources */,
				6CD9CF5E283555FA00F36B00 /* FoodCollectionViewCell.swift in Sources */,
				6CD9CF3C283545C200F36B00 /* AppDelegate.swift in Sources */,
				6CD9CF6028355B5D00F36B00 /* UIImage + Extensions.swift in Sources */,
			);
			runOnlyForDeploymentPostprocessing = 0;
		};
/* End PBXSourcesBuildPhase section */

/* Begin PBXVariantGroup section */
		6CD9CF46283545C400F36B00 /* LaunchScreen.storyboard */ = {
			isa = PBXVariantGroup;
			children = (
				6CD9CF47283545C400F36B00 /* Base */,
			);
			name = LaunchScreen.storyboard;
			sourceTree = "<group>";
		};
/* End PBXVariantGroup section */

/* Begin XCBuildConfiguration section */
		6CD9CF4A283545C400F36B00 /* Debug */ = {
			isa = XCBuildConfiguration;
			buildSettings = {
				ALWAYS_SEARCH_USER_PATHS = NO;
				CLANG_ANALYZER_NONNULL = YES;
				CLANG_ANALYZER_NUMBER_OBJECT_CONVERSION = YES_AGGRESSIVE;
				CLANG_CXX_LANGUAGE_STANDARD = "gnu++17";
				CLANG_CXX_LIBRARY = "libc++";
				CLANG_ENABLE_MODULES = YES;
				CLANG_ENABLE_OBJC_ARC = YES;
				CLANG_ENABLE_OBJC_WEAK = YES;
				CLANG_WARN_BLOCK_CAPTURE_AUTORELEASING = YES;
				CLANG_WARN_BOOL_CONVERSION = YES;
				CLANG_WARN_COMMA = YES;
				CLANG_WARN_CONSTANT_CONVERSION = YES;
				CLANG_WARN_DEPRECATED_OBJC_IMPLEMENTATIONS = YES;
				CLANG_WARN_DIRECT_OBJC_ISA_USAGE = YES_ERROR;
				CLANG_WARN_DOCUMENTATION_COMMENTS = YES;
				CLANG_WARN_EMPTY_BODY = YES;
				CLANG_WARN_ENUM_CONVERSION = YES;
				CLANG_WARN_INFINITE_RECURSION = YES;
				CLANG_WARN_INT_CONVERSION = YES;
				CLANG_WARN_NON_LITERAL_NULL_CONVERSION = YES;
				CLANG_WARN_OBJC_IMPLICIT_RETAIN_SELF = YES;
				CLANG_WARN_OBJC_LITERAL_CONVERSION = YES;
				CLANG_WARN_OBJC_ROOT_CLASS = YES_ERROR;
				CLANG_WARN_QUOTED_INCLUDE_IN_FRAMEWORK_HEADER = YES;
				CLANG_WARN_RANGE_LOOP_ANALYSIS = YES;
				CLANG_WARN_STRICT_PROTOTYPES = YES;
				CLANG_WARN_SUSPICIOUS_MOVE = YES;
				CLANG_WARN_UNGUARDED_AVAILABILITY = YES_AGGRESSIVE;
				CLANG_WARN_UNREACHABLE_CODE = YES;
				CLANG_WARN__DUPLICATE_METHOD_MATCH = YES;
				COPY_PHASE_STRIP = NO;
				DEBUG_INFORMATION_FORMAT = dwarf;
				ENABLE_STRICT_OBJC_MSGSEND = YES;
				ENABLE_TESTABILITY = YES;
				GCC_C_LANGUAGE_STANDARD = gnu11;
				GCC_DYNAMIC_NO_PIC = NO;
				GCC_NO_COMMON_BLOCKS = YES;
				GCC_OPTIMIZATION_LEVEL = 0;
				GCC_PREPROCESSOR_DEFINITIONS = (
					"DEBUG=1",
					"$(inherited)",
				);
				GCC_WARN_64_TO_32_BIT_CONVERSION = YES;
				GCC_WARN_ABOUT_RETURN_TYPE = YES_ERROR;
				GCC_WARN_UNDECLARED_SELECTOR = YES;
				GCC_WARN_UNINITIALIZED_AUTOS = YES_AGGRESSIVE;
				GCC_WARN_UNUSED_FUNCTION = YES;
				GCC_WARN_UNUSED_VARIABLE = YES;
				IPHONEOS_DEPLOYMENT_TARGET = 13.0;
				MTL_ENABLE_DEBUG_INFO = INCLUDE_SOURCE;
				MTL_FAST_MATH = YES;
				ONLY_ACTIVE_ARCH = YES;
				SDKROOT = iphoneos;
				SWIFT_ACTIVE_COMPILATION_CONDITIONS = DEBUG;
				SWIFT_OPTIMIZATION_LEVEL = "-Onone";
			};
			name = Debug;
		};
		6CD9CF4B283545C400F36B00 /* Release */ = {
			isa = XCBuildConfiguration;
			buildSettings = {
				ALWAYS_SEARCH_USER_PATHS = NO;
				CLANG_ANALYZER_NONNULL = YES;
				CLANG_ANALYZER_NUMBER_OBJECT_CONVERSION = YES_AGGRESSIVE;
				CLANG_CXX_LANGUAGE_STANDARD = "gnu++17";
				CLANG_CXX_LIBRARY = "libc++";
				CLANG_ENABLE_MODULES = YES;
				CLANG_ENABLE_OBJC_ARC = YES;
				CLANG_ENABLE_OBJC_WEAK = YES;
				CLANG_WARN_BLOCK_CAPTURE_AUTORELEASING = YES;
				CLANG_WARN_BOOL_CONVERSION = YES;
				CLANG_WARN_COMMA = YES;
				CLANG_WARN_CONSTANT_CONVERSION = YES;
				CLANG_WARN_DEPRECATED_OBJC_IMPLEMENTATIONS = YES;
				CLANG_WARN_DIRECT_OBJC_ISA_USAGE = YES_ERROR;
				CLANG_WARN_DOCUMENTATION_COMMENTS = YES;
				CLANG_WARN_EMPTY_BODY = YES;
				CLANG_WARN_ENUM_CONVERSION = YES;
				CLANG_WARN_INFINITE_RECURSION = YES;
				CLANG_WARN_INT_CONVERSION = YES;
				CLANG_WARN_NON_LITERAL_NULL_CONVERSION = YES;
				CLANG_WARN_OBJC_IMPLICIT_RETAIN_SELF = YES;
				CLANG_WARN_OBJC_LITERAL_CONVERSION = YES;
				CLANG_WARN_OBJC_ROOT_CLASS = YES_ERROR;
				CLANG_WARN_QUOTED_INCLUDE_IN_FRAMEWORK_HEADER = YES;
				CLANG_WARN_RANGE_LOOP_ANALYSIS = YES;
				CLANG_WARN_STRICT_PROTOTYPES = YES;
				CLANG_WARN_SUSPICIOUS_MOVE = YES;
				CLANG_WARN_UNGUARDED_AVAILABILITY = YES_AGGRESSIVE;
				CLANG_WARN_UNREACHABLE_CODE = YES;
				CLANG_WARN__DUPLICATE_METHOD_MATCH = YES;
				COPY_PHASE_STRIP = NO;
				DEBUG_INFORMATION_FORMAT = "dwarf-with-dsym";
				ENABLE_NS_ASSERTIONS = NO;
				ENABLE_STRICT_OBJC_MSGSEND = YES;
				GCC_C_LANGUAGE_STANDARD = gnu11;
				GCC_NO_COMMON_BLOCKS = YES;
				GCC_WARN_64_TO_32_BIT_CONVERSION = YES;
				GCC_WARN_ABOUT_RETURN_TYPE = YES_ERROR;
				GCC_WARN_UNDECLARED_SELECTOR = YES;
				GCC_WARN_UNINITIALIZED_AUTOS = YES_AGGRESSIVE;
				GCC_WARN_UNUSED_FUNCTION = YES;
				GCC_WARN_UNUSED_VARIABLE = YES;
				IPHONEOS_DEPLOYMENT_TARGET = 13.0;
				MTL_ENABLE_DEBUG_INFO = NO;
				MTL_FAST_MATH = YES;
				SDKROOT = iphoneos;
				SWIFT_COMPILATION_MODE = wholemodule;
				SWIFT_OPTIMIZATION_LEVEL = "-O";
				VALIDATE_PRODUCT = YES;
			};
			name = Release;
		};
		6CD9CF4D283545C400F36B00 /* Debug */ = {
			isa = XCBuildConfiguration;
			baseConfigurationReference = F1B13D421E3D796D0F2D3EA8 /* Pods-FoodCollectionTestApp.debug.xcconfig */;
			buildSettings = {
				ASSETCATALOG_COMPILER_APPICON_NAME = AppIcon;
				ASSETCATALOG_COMPILER_GLOBAL_ACCENT_COLOR_NAME = AccentColor;
				CODE_SIGN_STYLE = Automatic;
				CURRENT_PROJECT_VERSION = 1;
				DEVELOPMENT_TEAM = MAMAND5R9P;
				GENERATE_INFOPLIST_FILE = YES;
				INFOPLIST_FILE = FoodCollectionTestApp/App/Info.plist;
				INFOPLIST_KEY_UIApplicationSupportsIndirectInputEvents = YES;
				INFOPLIST_KEY_UILaunchStoryboardName = LaunchScreen;
				INFOPLIST_KEY_UISupportedInterfaceOrientations = UIInterfaceOrientationPortrait;
				IPHONEOS_DEPLOYMENT_TARGET = 13.0;
				LD_RUNPATH_SEARCH_PATHS = (
					"$(inherited)",
					"@executable_path/Frameworks",
				);
				MARKETING_VERSION = 1.0;
				PRODUCT_BUNDLE_IDENTIFIER = AlexeyRadomskiy.FoodCollectionTestApp;
				PRODUCT_NAME = "$(TARGET_NAME)";
				SWIFT_EMIT_LOC_STRINGS = YES;
				SWIFT_VERSION = 5.0;
				TARGETED_DEVICE_FAMILY = 1;
			};
			name = Debug;
		};
		6CD9CF4E283545C400F36B00 /* Release */ = {
			isa = XCBuildConfiguration;
			baseConfigurationReference = 0980B1FCC10FC4E5E900B76F /* Pods-FoodCollectionTestApp.release.xcconfig */;
			buildSettings = {
				ASSETCATALOG_COMPILER_APPICON_NAME = AppIcon;
				ASSETCATALOG_COMPILER_GLOBAL_ACCENT_COLOR_NAME = AccentColor;
				CODE_SIGN_STYLE = Automatic;
				CURRENT_PROJECT_VERSION = 1;
				DEVELOPMENT_TEAM = MAMAND5R9P;
				GENERATE_INFOPLIST_FILE = YES;
				INFOPLIST_FILE = FoodCollectionTestApp/App/Info.plist;
				INFOPLIST_KEY_UIApplicationSupportsIndirectInputEvents = YES;
				INFOPLIST_KEY_UILaunchStoryboardName = LaunchScreen;
				INFOPLIST_KEY_UISupportedInterfaceOrientations = UIInterfaceOrientationPortrait;
				IPHONEOS_DEPLOYMENT_TARGET = 13.0;
				LD_RUNPATH_SEARCH_PATHS = (
					"$(inherited)",
					"@executable_path/Frameworks",
				);
				MARKETING_VERSION = 1.0;
				PRODUCT_BUNDLE_IDENTIFIER = AlexeyRadomskiy.FoodCollectionTestApp;
				PRODUCT_NAME = "$(TARGET_NAME)";
				SWIFT_EMIT_LOC_STRINGS = YES;
				SWIFT_VERSION = 5.0;
				TARGETED_DEVICE_FAMILY = 1;
			};
			name = Release;
		};
/* End XCBuildConfiguration section */

/* Begin XCConfigurationList section */
		6CD9CF33283545C200F36B00 /* Build configuration list for PBXProject "FoodCollectionTestApp" */ = {
			isa = XCConfigurationList;
			buildConfigurations = (
				6CD9CF4A283545C400F36B00 /* Debug */,
				6CD9CF4B283545C400F36B00 /* Release */,
			);
			defaultConfigurationIsVisible = 0;
			defaultConfigurationName = Release;
		};
		6CD9CF4C283545C400F36B00 /* Build configuration list for PBXNativeTarget "FoodCollectionTestApp" */ = {
			isa = XCConfigurationList;
			buildConfigurations = (
				6CD9CF4D283545C400F36B00 /* Debug */,
				6CD9CF4E283545C400F36B00 /* Release */,
			);
			defaultConfigurationIsVisible = 0;
			defaultConfigurationName = Release;
		};
/* End XCConfigurationList section */
	};
	rootObject = 6CD9CF30283545C200F36B00 /* Project object */;
}
